
Microsoft Visual Studio Solution File, Format Version 12.00
# Visual Studio Version 16
VisualStudioVersion = 16.0.30503.244
MinimumVisualStudioVersion = 10.0.40219.1
Project("{FAE04EC0-301F-11D3-BF4B-00C04F79EFBC}") = "test-auth-project", "test-auth-project\test-auth-project.csproj", "{06CCD548-9B4A-4612-8314-044C18D8136A}"
EndProject
Global
	GlobalSection(SolutionConfigurationPlatforms) = preSolution
		Debug|Any CPU = Debug|Any CPU
		Release|Any CPU = Release|Any CPU
	EndGlobalSection
	GlobalSection(ProjectConfigurationPlatforms) = postSolution
		{06CCD548-9B4A-4612-8314-044C18D8136A}.Debug|Any CPU.ActiveCfg = Debug|Any CPU
		{06CCD548-9B4A-4612-8314-044C18D8136A}.Debug|Any CPU.Build.0 = Debug|Any CPU
		{06CCD548-9B4A-4612-8314-044C18D8136A}.Release|Any CPU.ActiveCfg = Release|Any CPU
		{06CCD548-9B4A-4612-8314-044C18D8136A}.Release|Any CPU.Build.0 = Release|Any CPU
	EndGlobalSection
	GlobalSection(SolutionProperties) = preSolution
		HideSolutionNode = FALSE
	EndGlobalSection
	GlobalSection(ExtensibilityGlobals) = postSolution
		SolutionGuid = {48A6EB95-8F81-46E3-9211-EA40A2BC6417}
	EndGlobalSection
EndGlobal
